// !$*UTF8*$!
{
	archiveVersion = 1;
	classes = {
	};
	objectVersion = 56;
	objects = {

/* Begin PBXBuildFile section */
		39BA3FD82B3443F3004989E5 /* ligaAAAiOSApp.swift in Sources */ = {isa = PBXBuildFile; fileRef = 39BA3FD72B3443F3004989E5 /* ligaAAAiOSApp.swift */; };
		39BA3FDA2B3443F3004989E5 /* ContentView.swift in Sources */ = {isa = PBXBuildFile; fileRef = 39BA3FD92B3443F3004989E5 /* ContentView.swift */; };
		39BA3FDC2B3443F4004989E5 /* Assets.xcassets in Resources */ = {isa = PBXBuildFile; fileRef = 39BA3FDB2B3443F4004989E5 /* Assets.xcassets */; };
		39BA3FE02B3443F4004989E5 /* Preview Assets.xcassets in Resources */ = {isa = PBXBuildFile; fileRef = 39BA3FDF2B3443F4004989E5 /* Preview Assets.xcassets */; };
		39BA3FEA2B3451B6004989E5 /* CalendarView.swift in Sources */ = {isa = PBXBuildFile; fileRef = 39BA3FE92B3451B6004989E5 /* CalendarView.swift */; };
		39BA3FEC2B345448004989E5 /* HomeView.swift in Sources */ = {isa = PBXBuildFile; fileRef = 39BA3FEB2B345448004989E5 /* HomeView.swift */; };
		39BA3FEF2B345B50004989E5 /* UITabBarControllerExtension.swift in Sources */ = {isa = PBXBuildFile; fileRef = 39BA3FEE2B345B50004989E5 /* UITabBarControllerExtension.swift */; };
		39BA3FF12B345BFE004989E5 /* StatisticsView.swift in Sources */ = {isa = PBXBuildFile; fileRef = 39BA3FF02B345BFE004989E5 /* StatisticsView.swift */; };
		39BA3FF32B345C1A004989E5 /* InfoView.swift in Sources */ = {isa = PBXBuildFile; fileRef = 39BA3FF22B345C1A004989E5 /* InfoView.swift */; };
		39BA3FF62B345EB5004989E5 /* Localizable.strings in Resources */ = {isa = PBXBuildFile; fileRef = 39BA3FF82B345EB5004989E5 /* Localizable.strings */; };
/* End PBXBuildFile section */

/* Begin PBXFileReference section */
		39BA3FD42B3443F3004989E5 /* ligaAAAiOS.app */ = {isa = PBXFileReference; explicitFileType = wrapper.application; includeInIndex = 0; path = ligaAAAiOS.app; sourceTree = BUILT_PRODUCTS_DIR; };
		39BA3FD72B3443F3004989E5 /* ligaAAAiOSApp.swift */ = {isa = PBXFileReference; lastKnownFileType = sourcecode.swift; path = ligaAAAiOSApp.swift; sourceTree = "<group>"; };
		39BA3FD92B3443F3004989E5 /* ContentView.swift */ = {isa = PBXFileReference; lastKnownFileType = sourcecode.swift; path = ContentView.swift; sourceTree = "<group>"; };
		39BA3FDB2B3443F4004989E5 /* Assets.xcassets */ = {isa = PBXFileReference; lastKnownFileType = folder.assetcatalog; path = Assets.xcassets; sourceTree = "<group>"; };
		39BA3FDD2B3443F4004989E5 /* ligaAAAiOS.entitlements */ = {isa = PBXFileReference; lastKnownFileType = text.plist.entitlements; path = ligaAAAiOS.entitlements; sourceTree = "<group>"; };
		39BA3FDF2B3443F4004989E5 /* Preview Assets.xcassets */ = {isa = PBXFileReference; lastKnownFileType = folder.assetcatalog; path = "Preview Assets.xcassets"; sourceTree = "<group>"; };
		39BA3FE92B3451B6004989E5 /* CalendarView.swift */ = {isa = PBXFileReference; lastKnownFileType = sourcecode.swift; path = CalendarView.swift; sourceTree = "<group>"; };
		39BA3FEB2B345448004989E5 /* HomeView.swift */ = {isa = PBXFileReference; lastKnownFileType = sourcecode.swift; path = HomeView.swift; sourceTree = "<group>"; };
		39BA3FEE2B345B50004989E5 /* UITabBarControllerExtension.swift */ = {isa = PBXFileReference; lastKnownFileType = sourcecode.swift; path = UITabBarControllerExtension.swift; sourceTree = "<group>"; };
		39BA3FF02B345BFE004989E5 /* StatisticsView.swift */ = {isa = PBXFileReference; lastKnownFileType = sourcecode.swift; path = StatisticsView.swift; sourceTree = "<group>"; };
		39BA3FF22B345C1A004989E5 /* InfoView.swift */ = {isa = PBXFileReference; lastKnownFileType = sourcecode.swift; path = InfoView.swift; sourceTree = "<group>"; };
		39BA3FF72B345EB5004989E5 /* en */ = {isa = PBXFileReference; lastKnownFileType = text.plist.strings; name = en; path = en.lproj/Localizable.strings; sourceTree = "<group>"; };
		39BA3FF92B345EB9004989E5 /* es */ = {isa = PBXFileReference; lastKnownFileType = text.plist.strings; name = es; path = es.lproj/Localizable.strings; sourceTree = "<group>"; };
/* End PBXFileReference section */

/* Begin PBXFrameworksBuildPhase section */
		39BA3FD12B3443F3004989E5 /* Frameworks */ = {
			isa = PBXFrameworksBuildPhase;
			buildActionMask = 2147483647;
			files = (
			);
			runOnlyForDeploymentPostprocessing = 0;
		};
/* End PBXFrameworksBuildPhase section */

/* Begin PBXGroup section */
		39BA3FCB2B3443F3004989E5 = {
			isa = PBXGroup;
			children = (
				39BA3FD62B3443F3004989E5 /* ligaAAAiOS */,
				39BA3FD52B3443F3004989E5 /* Products */,
			);
			sourceTree = "<group>";
		};
		39BA3FD52B3443F3004989E5 /* Products */ = {
			isa = PBXGroup;
			children = (
				39BA3FD42B3443F3004989E5 /* ligaAAAiOS.app */,
			);
			name = Products;
			sourceTree = "<group>";
		};
		39BA3FD62B3443F3004989E5 /* ligaAAAiOS */ = {
			isa = PBXGroup;
			children = (
				39BA3FED2B345B2C004989E5 /* Extensions */,
				39BA3FE82B344936004989E5 /* ViewModel */,
				39BA3FE72B34492F004989E5 /* Views */,
				39BA3FE62B344925004989E5 /* Model */,
				39BA3FD72B3443F3004989E5 /* ligaAAAiOSApp.swift */,
				39BA3FDB2B3443F4004989E5 /* Assets.xcassets */,
				39BA3FDD2B3443F4004989E5 /* ligaAAAiOS.entitlements */,
				39BA3FDE2B3443F4004989E5 /* Preview Content */,
				39BA3FF82B345EB5004989E5 /* Localizable.strings */,
			);
			path = ligaAAAiOS;
			sourceTree = "<group>";
		};
		39BA3FDE2B3443F4004989E5 /* Preview Content */ = {
			isa = PBXGroup;
			children = (
				39BA3FDF2B3443F4004989E5 /* Preview Assets.xcassets */,
			);
			path = "Preview Content";
			sourceTree = "<group>";
		};
		39BA3FE62B344925004989E5 /* Model */ = {
			isa = PBXGroup;
			children = (
			);
			path = Model;
			sourceTree = "<group>";
		};
		39BA3FE72B34492F004989E5 /* Views */ = {
			isa = PBXGroup;
			children = (
				39BA3FD92B3443F3004989E5 /* ContentView.swift */,
				39BA3FE92B3451B6004989E5 /* CalendarView.swift */,
				39BA3FEB2B345448004989E5 /* HomeView.swift */,
				39BA3FF02B345BFE004989E5 /* StatisticsView.swift */,
				39BA3FF22B345C1A004989E5 /* InfoView.swift */,
			);
			path = Views;
			sourceTree = "<group>";
		};
		39BA3FE82B344936004989E5 /* ViewModel */ = {
			isa = PBXGroup;
			children = (
			);
			path = ViewModel;
			sourceTree = "<group>";
		};
		39BA3FED2B345B2C004989E5 /* Extensions */ = {
			isa = PBXGroup;
			children = (
				39BA3FEE2B345B50004989E5 /* UITabBarControllerExtension.swift */,
			);
			path = Extensions;
			sourceTree = "<group>";
		};
/* End PBXGroup section */

/* Begin PBXNativeTarget section */
		39BA3FD32B3443F3004989E5 /* ligaAAAiOS */ = {
			isa = PBXNativeTarget;
			buildConfigurationList = 39BA3FE32B3443F4004989E5 /* Build configuration list for PBXNativeTarget "ligaAAAiOS" */;
			buildPhases = (
				39BA3FD02B3443F3004989E5 /* Sources */,
				39BA3FD12B3443F3004989E5 /* Frameworks */,
				39BA3FD22B3443F3004989E5 /* Resources */,
			);
			buildRules = (
			);
			dependencies = (
			);
			name = ligaAAAiOS;
			productName = ligaAAAiOS;
			productReference = 39BA3FD42B3443F3004989E5 /* ligaAAAiOS.app */;
			productType = "com.apple.product-type.application";
		};
/* End PBXNativeTarget section */

/* Begin PBXProject section */
		39BA3FCC2B3443F3004989E5 /* Project object */ = {
			isa = PBXProject;
			attributes = {
				BuildIndependentTargetsInParallel = 1;
				LastSwiftUpdateCheck = 1510;
				LastUpgradeCheck = 1510;
				TargetAttributes = {
					39BA3FD32B3443F3004989E5 = {
						CreatedOnToolsVersion = 15.1;
					};
				};
			};
			buildConfigurationList = 39BA3FCF2B3443F3004989E5 /* Build configuration list for PBXProject "ligaAAAiOS" */;
			compatibilityVersion = "Xcode 14.0";
			developmentRegion = en;
			hasScannedForEncodings = 0;
			knownRegions = (
				en,
				es,
				Base,
			);
			mainGroup = 39BA3FCB2B3443F3004989E5;
			productRefGroup = 39BA3FD52B3443F3004989E5 /* Products */;
			projectDirPath = "";
			projectRoot = "";
			targets = (
				39BA3FD32B3443F3004989E5 /* ligaAAAiOS */,
			);
		};
/* End PBXProject section */

/* Begin PBXResourcesBuildPhase section */
		39BA3FD22B3443F3004989E5 /* Resources */ = {
			isa = PBXResourcesBuildPhase;
			buildActionMask = 2147483647;
			files = (
				39BA3FE02B3443F4004989E5 /* Preview Assets.xcassets in Resources */,
				39BA3FF62B345EB5004989E5 /* Localizable.strings in Resources */,
				39BA3FDC2B3443F4004989E5 /* Assets.xcassets in Resources */,
			);
			runOnlyForDeploymentPostprocessing = 0;
		};
/* End PBXResourcesBuildPhase section */

/* Begin PBXSourcesBuildPhase section */
		39BA3FD02B3443F3004989E5 /* Sources */ = {
			isa = PBXSourcesBuildPhase;
			buildActionMask = 2147483647;
			files = (
				39BA3FDA2B3443F3004989E5 /* ContentView.swift in Sources */,
				39BA3FD82B3443F3004989E5 /* ligaAAAiOSApp.swift in Sources */,
				39BA3FEF2B345B50004989E5 /* UITabBarControllerExtension.swift in Sources */,
				39BA3FEC2B345448004989E5 /* HomeView.swift in Sources */,
				39BA3FEA2B3451B6004989E5 /* CalendarView.swift in Sources */,
				39BA3FF12B345BFE004989E5 /* StatisticsView.swift in Sources */,
				39BA3FF32B345C1A004989E5 /* InfoView.swift in Sources */,
			);
			runOnlyForDeploymentPostprocessing = 0;
		};
/* End PBXSourcesBuildPhase section */

/* Begin PBXVariantGroup section */
		39BA3FF82B345EB5004989E5 /* Localizable.strings */ = {
			isa = PBXVariantGroup;
			children = (
				39BA3FF72B345EB5004989E5 /* en */,
				39BA3FF92B345EB9004989E5 /* es */,
			);
			name = Localizable.strings;
			sourceTree = "<group>";
		};
/* End PBXVariantGroup section */

/* Begin XCBuildConfiguration section */
		39BA3FE12B3443F4004989E5 /* Debug */ = {
			isa = XCBuildConfiguration;
			buildSettings = {
				ALWAYS_SEARCH_USER_PATHS = NO;
				ASSETCATALOG_COMPILER_GENERATE_SWIFT_ASSET_SYMBOL_EXTENSIONS = YES;
				CLANG_ANALYZER_NONNULL = YES;
				CLANG_ANALYZER_NUMBER_OBJECT_CONVERSION = YES_AGGRESSIVE;
				CLANG_CXX_LANGUAGE_STANDARD = "gnu++20";
				CLANG_ENABLE_MODULES = YES;
				CLANG_ENABLE_OBJC_ARC = YES;
				CLANG_ENABLE_OBJC_WEAK = YES;
				CLANG_WARN_BLOCK_CAPTURE_AUTORELEASING = YES;
				CLANG_WARN_BOOL_CONVERSION = YES;
				CLANG_WARN_COMMA = YES;
				CLANG_WARN_CONSTANT_CONVERSION = YES;
				CLANG_WARN_DEPRECATED_OBJC_IMPLEMENTATIONS = YES;
				CLANG_WARN_DIRECT_OBJC_ISA_USAGE = YES_ERROR;
				CLANG_WARN_DOCUMENTATION_COMMENTS = YES;
				CLANG_WARN_EMPTY_BODY = YES;
				CLANG_WARN_ENUM_CONVERSION = YES;
				CLANG_WARN_INFINITE_RECURSION = YES;
				CLANG_WARN_INT_CONVERSION = YES;
				CLANG_WARN_NON_LITERAL_NULL_CONVERSION = YES;
				CLANG_WARN_OBJC_IMPLICIT_RETAIN_SELF = YES;
				CLANG_WARN_OBJC_LITERAL_CONVERSION = YES;
				CLANG_WARN_OBJC_ROOT_CLASS = YES_ERROR;
				CLANG_WARN_QUOTED_INCLUDE_IN_FRAMEWORK_HEADER = YES;
				CLANG_WARN_RANGE_LOOP_ANALYSIS = YES;
				CLANG_WARN_STRICT_PROTOTYPES = YES;
				CLANG_WARN_SUSPICIOUS_MOVE = YES;
				CLANG_WARN_UNGUARDED_AVAILABILITY = YES_AGGRESSIVE;
				CLANG_WARN_UNREACHABLE_CODE = YES;
				CLANG_WARN__DUPLICATE_METHOD_MATCH = YES;
				COPY_PHASE_STRIP = NO;
				DEBUG_INFORMATION_FORMAT = dwarf;
				ENABLE_STRICT_OBJC_MSGSEND = YES;
				ENABLE_TESTABILITY = YES;
				ENABLE_USER_SCRIPT_SANDBOXING = YES;
				GCC_C_LANGUAGE_STANDARD = gnu17;
				GCC_DYNAMIC_NO_PIC = NO;
				GCC_NO_COMMON_BLOCKS = YES;
				GCC_OPTIMIZATION_LEVEL = 0;
				GCC_PREPROCESSOR_DEFINITIONS = (
					"DEBUG=1",
					"$(inherited)",
				);
				GCC_WARN_64_TO_32_BIT_CONVERSION = YES;
				GCC_WARN_ABOUT_RETURN_TYPE = YES_ERROR;
				GCC_WARN_UNDECLARED_SELECTOR = YES;
				GCC_WARN_UNINITIALIZED_AUTOS = YES_AGGRESSIVE;
				GCC_WARN_UNUSED_FUNCTION = YES;
				GCC_WARN_UNUSED_VARIABLE = YES;
				LOCALIZATION_PREFERS_STRING_CATALOGS = YES;
				MTL_ENABLE_DEBUG_INFO = INCLUDE_SOURCE;
				MTL_FAST_MATH = YES;
				ONLY_ACTIVE_ARCH = YES;
				SWIFT_ACTIVE_COMPILATION_CONDITIONS = "DEBUG $(inherited)";
				SWIFT_OPTIMIZATION_LEVEL = "-Onone";
			};
			name = Debug;
		};
		39BA3FE22B3443F4004989E5 /* Release */ = {
			isa = XCBuildConfiguration;
			buildSettings = {
				ALWAYS_SEARCH_USER_PATHS = NO;
				ASSETCATALOG_COMPILER_GENERATE_SWIFT_ASSET_SYMBOL_EXTENSIONS = YES;
				CLANG_ANALYZER_NONNULL = YES;
				CLANG_ANALYZER_NUMBER_OBJECT_CONVERSION = YES_AGGRESSIVE;
				CLANG_CXX_LANGUAGE_STANDARD = "gnu++20";
				CLANG_ENABLE_MODULES = YES;
				CLANG_ENABLE_OBJC_ARC = YES;
				CLANG_ENABLE_OBJC_WEAK = YES;
				CLANG_WARN_BLOCK_CAPTURE_AUTORELEASING = YES;
				CLANG_WARN_BOOL_CONVERSION = YES;
				CLANG_WARN_COMMA = YES;
				CLANG_WARN_CONSTANT_CONVERSION = YES;
				CLANG_WARN_DEPRECATED_OBJC_IMPLEMENTATIONS = YES;
				CLANG_WARN_DIRECT_OBJC_ISA_USAGE = YES_ERROR;
				CLANG_WARN_DOCUMENTATION_COMMENTS = YES;
				CLANG_WARN_EMPTY_BODY = YES;
				CLANG_WARN_ENUM_CONVERSION = YES;
				CLANG_WARN_INFINITE_RECURSION = YES;
				CLANG_WARN_INT_CONVERSION = YES;
				CLANG_WARN_NON_LITERAL_NULL_CONVERSION = YES;
				CLANG_WARN_OBJC_IMPLICIT_RETAIN_SELF = YES;
				CLANG_WARN_OBJC_LITERAL_CONVERSION = YES;
				CLANG_WARN_OBJC_ROOT_CLASS = YES_ERROR;
				CLANG_WARN_QUOTED_INCLUDE_IN_FRAMEWORK_HEADER = YES;
				CLANG_WARN_RANGE_LOOP_ANALYSIS = YES;
				CLANG_WARN_STRICT_PROTOTYPES = YES;
				CLANG_WARN_SUSPICIOUS_MOVE = YES;
				CLANG_WARN_UNGUARDED_AVAILABILITY = YES_AGGRESSIVE;
				CLANG_WARN_UNREACHABLE_CODE = YES;
				CLANG_WARN__DUPLICATE_METHOD_MATCH = YES;
				COPY_PHASE_STRIP = NO;
				DEBUG_INFORMATION_FORMAT = "dwarf-with-dsym";
				ENABLE_NS_ASSERTIONS = NO;
				ENABLE_STRICT_OBJC_MSGSEND = YES;
				ENABLE_USER_SCRIPT_SANDBOXING = YES;
				GCC_C_LANGUAGE_STANDARD = gnu17;
				GCC_NO_COMMON_BLOCKS = YES;
				GCC_WARN_64_TO_32_BIT_CONVERSION = YES;
				GCC_WARN_ABOUT_RETURN_TYPE = YES_ERROR;
				GCC_WARN_UNDECLARED_SELECTOR = YES;
				GCC_WARN_UNINITIALIZED_AUTOS = YES_AGGRESSIVE;
				GCC_WARN_UNUSED_FUNCTION = YES;
				GCC_WARN_UNUSED_VARIABLE = YES;
				LOCALIZATION_PREFERS_STRING_CATALOGS = YES;
				MTL_ENABLE_DEBUG_INFO = NO;
				MTL_FAST_MATH = YES;
				SWIFT_COMPILATION_MODE = wholemodule;
			};
			name = Release;
		};
		39BA3FE42B3443F4004989E5 /* Debug */ = {
			isa = XCBuildConfiguration;
			buildSettings = {
				ASSETCATALOG_COMPILER_APPICON_NAME = AppIcon;
				ASSETCATALOG_COMPILER_GLOBAL_ACCENT_COLOR_NAME = AccentColor;
				CODE_SIGN_ENTITLEMENTS = ligaAAAiOS/ligaAAAiOS.entitlements;
				CODE_SIGN_STYLE = Automatic;
				CURRENT_PROJECT_VERSION = 1;
				DEVELOPMENT_ASSET_PATHS = "\"ligaAAAiOS/Preview Content\"";
				DEVELOPMENT_TEAM = AZRCQMBTMA;
				ENABLE_HARDENED_RUNTIME = YES;
				ENABLE_PREVIEWS = YES;
				GENERATE_INFOPLIST_FILE = YES;
				"INFOPLIST_KEY_UIApplicationSceneManifest_Generation[sdk=iphoneos*]" = YES;
				"INFOPLIST_KEY_UIApplicationSceneManifest_Generation[sdk=iphonesimulator*]" = YES;
				"INFOPLIST_KEY_UIApplicationSupportsIndirectInputEvents[sdk=iphoneos*]" = YES;
				"INFOPLIST_KEY_UIApplicationSupportsIndirectInputEvents[sdk=iphonesimulator*]" = YES;
				"INFOPLIST_KEY_UILaunchScreen_Generation[sdk=iphoneos*]" = YES;
				"INFOPLIST_KEY_UILaunchScreen_Generation[sdk=iphonesimulator*]" = YES;
				"INFOPLIST_KEY_UIStatusBarStyle[sdk=iphoneos*]" = UIStatusBarStyleDefault;
				"INFOPLIST_KEY_UIStatusBarStyle[sdk=iphonesimulator*]" = UIStatusBarStyleDefault;
				INFOPLIST_KEY_UISupportedInterfaceOrientations = UIInterfaceOrientationPortrait;
				IPHONEOS_DEPLOYMENT_TARGET = 15.0;
				LD_RUNPATH_SEARCH_PATHS = "@executable_path/Frameworks";
				"LD_RUNPATH_SEARCH_PATHS[sdk=macosx*]" = "@executable_path/../Frameworks";
				MACOSX_DEPLOYMENT_TARGET = 14.2;
				MARKETING_VERSION = 1.0;
				PRODUCT_BUNDLE_IDENTIFIER = com.ligaAAAiOS;
				PRODUCT_NAME = "$(TARGET_NAME)";
				SDKROOT = auto;
				SUPPORTED_PLATFORMS = "iphoneos iphonesimulator";
				SUPPORTS_MACCATALYST = NO;
				SWIFT_EMIT_LOC_STRINGS = YES;
				SWIFT_VERSION = 5.0;
				TARGETED_DEVICE_FAMILY = 1;
			};
			name = Debug;
		};
		39BA3FE52B3443F4004989E5 /* Release */ = {
			isa = XCBuildConfiguration;
			buildSettings = {
				ASSETCATALOG_COMPILER_APPICON_NAME = AppIcon;
				ASSETCATALOG_COMPILER_GLOBAL_ACCENT_COLOR_NAME = AccentColor;
				CODE_SIGN_ENTITLEMENTS = ligaAAAiOS/ligaAAAiOS.entitlements;
				CODE_SIGN_STYLE = Automatic;
				CURRENT_PROJECT_VERSION = 1;
				DEVELOPMENT_ASSET_PATHS = "\"ligaAAAiOS/Preview Content\"";
				DEVELOPMENT_TEAM = AZRCQMBTMA;
				ENABLE_HARDENED_RUNTIME = YES;
				ENABLE_PREVIEWS = YES;
				GENERATE_INFOPLIST_FILE = YES;
				"INFOPLIST_KEY_UIApplicationSceneManifest_Generation[sdk=iphoneos*]" = YES;
				"INFOPLIST_KEY_UIApplicationSceneManifest_Generation[sdk=iphonesimulator*]" = YES;
				"INFOPLIST_KEY_UIApplicationSupportsIndirectInputEvents[sdk=iphoneos*]" = YES;
				"INFOPLIST_KEY_UIApplicationSupportsIndirectInputEvents[sdk=iphonesimulator*]" = YES;
				"INFOPLIST_KEY_UILaunchScreen_Generation[sdk=iphoneos*]" = YES;
				"INFOPLIST_KEY_UILaunchScreen_Generation[sdk=iphonesimulator*]" = YES;
				"INFOPLIST_KEY_UIStatusBarStyle[sdk=iphoneos*]" = UIStatusBarStyleDefault;
				"INFOPLIST_KEY_UIStatusBarStyle[sdk=iphonesimulator*]" = UIStatusBarStyleDefault;
				INFOPLIST_KEY_UISupportedInterfaceOrientations = UIInterfaceOrientationPortrait;
				IPHONEOS_DEPLOYMENT_TARGET = 15.0;
				LD_RUNPATH_SEARCH_PATHS = "@executable_path/Frameworks";
				"LD_RUNPATH_SEARCH_PATHS[sdk=macosx*]" = "@executable_path/../Frameworks";
				MACOSX_DEPLOYMENT_TARGET = 14.2;
				MARKETING_VERSION = 1.0;
				PRODUCT_BUNDLE_IDENTIFIER = com.ligaAAAiOS;
				PRODUCT_NAME = "$(TARGET_NAME)";
				SDKROOT = auto;
				SUPPORTED_PLATFORMS = "iphoneos iphonesimulator";
				SUPPORTS_MACCATALYST = NO;
				SWIFT_EMIT_LOC_STRINGS = YES;
				SWIFT_VERSION = 5.0;
				TARGETED_DEVICE_FAMILY = 1;
			};
			name = Release;
		};
/* End XCBuildConfiguration section */

/* Begin XCConfigurationList section */
		39BA3FCF2B3443F3004989E5 /* Build configuration list for PBXProject "ligaAAAiOS" */ = {
			isa = XCConfigurationList;
			buildConfigurations = (
				39BA3FE12B3443F4004989E5 /* Debug */,
				39BA3FE22B3443F4004989E5 /* Release */,
			);
			defaultConfigurationIsVisible = 0;
			defaultConfigurationName = Release;
		};
		39BA3FE32B3443F4004989E5 /* Build configuration list for PBXNativeTarget "ligaAAAiOS" */ = {
			isa = XCConfigurationList;
			buildConfigurations = (
				39BA3FE42B3443F4004989E5 /* Debug */,
				39BA3FE52B3443F4004989E5 /* Release */,
			);
			defaultConfigurationIsVisible = 0;
			defaultConfigurationName = Release;
		};
/* End XCConfigurationList section */
	};
	rootObject = 39BA3FCC2B3443F3004989E5 /* Project object */;
}
